
Microsoft Visual Studio Solution File, Format Version 12.00
# Visual Studio 2013
VisualStudioVersion = 12.0.31101.0
MinimumVisualStudioVersion = 10.0.40219.1
Project("{FAE04EC0-301F-11D3-BF4B-00C04F79EFBC}") = "CenturyLinkCloudSdk", "CenturyLinkCloudSdk\CenturyLinkCloudSdk.csproj", "{E2C40B69-917D-424B-A88C-74D6A18AF9A8}"
EndProject
Project("{FAE04EC0-301F-11D3-BF4B-00C04F79EFBC}") = "CenturyLinkCloudSdk.Tests", "CenturyLinkCloudSdk.Tests\CenturyLinkCloudSdk.Tests.csproj", "{873BF049-EFAE-4B9C-B1B9-BBAC1474373C}"
EndProject
Project("{FAE04EC0-301F-11D3-BF4B-00C04F79EFBC}") = "CenturyLinkCloudSdk.UAT", "CenturyLinkCloudSdk.UAT\CenturyLinkCloudSdk.UAT.csproj", "{20119C3B-DA33-4588-A08B-234EB78D97E2}"
EndProject
Global
	GlobalSection(SolutionConfigurationPlatforms) = preSolution
		Debug|Any CPU = Debug|Any CPU
		Release|Any CPU = Release|Any CPU
	EndGlobalSection
	GlobalSection(ProjectConfigurationPlatforms) = postSolution
		{E2C40B69-917D-424B-A88C-74D6A18AF9A8}.Debug|Any CPU.ActiveCfg = Debug|Any CPU
		{E2C40B69-917D-424B-A88C-74D6A18AF9A8}.Debug|Any CPU.Build.0 = Debug|Any CPU
		{E2C40B69-917D-424B-A88C-74D6A18AF9A8}.Release|Any CPU.ActiveCfg = Release|Any CPU
		{E2C40B69-917D-424B-A88C-74D6A18AF9A8}.Release|Any CPU.Build.0 = Release|Any CPU
		{873BF049-EFAE-4B9C-B1B9-BBAC1474373C}.Debug|Any CPU.ActiveCfg = Debug|Any CPU
		{873BF049-EFAE-4B9C-B1B9-BBAC1474373C}.Debug|Any CPU.Build.0 = Debug|Any CPU
		{873BF049-EFAE-4B9C-B1B9-BBAC1474373C}.Release|Any CPU.ActiveCfg = Release|Any CPU
		{873BF049-EFAE-4B9C-B1B9-BBAC1474373C}.Release|Any CPU.Build.0 = Release|Any CPU
		{20119C3B-DA33-4588-A08B-234EB78D97E2}.Debug|Any CPU.ActiveCfg = Debug|Any CPU
		{20119C3B-DA33-4588-A08B-234EB78D97E2}.Debug|Any CPU.Build.0 = Debug|Any CPU
		{20119C3B-DA33-4588-A08B-234EB78D97E2}.Release|Any CPU.ActiveCfg = Release|Any CPU
		{20119C3B-DA33-4588-A08B-234EB78D97E2}.Release|Any CPU.Build.0 = Release|Any CPU
	EndGlobalSection
	GlobalSection(SolutionProperties) = preSolution
		HideSolutionNode = FALSE
	EndGlobalSection
EndGlobal
